
Microsoft Visual Studio Solution File, Format Version 12.00
# Visual Studio Version 17
VisualStudioVersion = 17.2.32526.322
MinimumVisualStudioVersion = 10.0.40219.1
Project("{FAE04EC0-301F-11D3-BF4B-00C04F79EFBC}") = "statCalculatorTest", "statCalculatorTest\statCalculatorTest.csproj", "{4EDB1668-2A71-4D73-805B-4EB272B83C16}"
EndProject
Global
	GlobalSection(SolutionConfigurationPlatforms) = preSolution
		Debug|Any CPU = Debug|Any CPU
		Release|Any CPU = Release|Any CPU
	EndGlobalSection
	GlobalSection(ProjectConfigurationPlatforms) = postSolution
		{4EDB1668-2A71-4D73-805B-4EB272B83C16}.Debug|Any CPU.ActiveCfg = Debug|Any CPU
		{4EDB1668-2A71-4D73-805B-4EB272B83C16}.Debug|Any CPU.Build.0 = Debug|Any CPU
		{4EDB1668-2A71-4D73-805B-4EB272B83C16}.Release|Any CPU.ActiveCfg = Release|Any CPU
		{4EDB1668-2A71-4D73-805B-4EB272B83C16}.Release|Any CPU.Build.0 = Release|Any CPU
	EndGlobalSection
	GlobalSection(SolutionProperties) = preSolution
		HideSolutionNode = FALSE
	EndGlobalSection
	GlobalSection(ExtensibilityGlobals) = postSolution
		SolutionGuid = {2D4B51F2-8265-455D-BE5F-FA62A795659F}
	EndGlobalSection
EndGlobal
